
Microsoft Visual Studio Solution File, Format Version 12.00
# Visual Studio Version 17
VisualStudioVersion = 17.4.33213.308
MinimumVisualStudioVersion = 10.0.40219.1
Project("{FAE04EC0-301F-11D3-BF4B-00C04F79EFBC}") = "Ex4", "Ex4\Ex4.csproj", "{0DD326B0-36E9-4699-8997-E9D53886D226}"
EndProject
Global
	GlobalSection(SolutionConfigurationPlatforms) = preSolution
		Debug|Any CPU = Debug|Any CPU
		Release|Any CPU = Release|Any CPU
	EndGlobalSection
	GlobalSection(ProjectConfigurationPlatforms) = postSolution
		{0DD326B0-36E9-4699-8997-E9D53886D226}.Debug|Any CPU.ActiveCfg = Debug|Any CPU
		{0DD326B0-36E9-4699-8997-E9D53886D226}.Debug|Any CPU.Build.0 = Debug|Any CPU
		{0DD326B0-36E9-4699-8997-E9D53886D226}.Release|Any CPU.ActiveCfg = Release|Any CPU
		{0DD326B0-36E9-4699-8997-E9D53886D226}.Release|Any CPU.Build.0 = Release|Any CPU
	EndGlobalSection
	GlobalSection(SolutionProperties) = preSolution
		HideSolutionNode = FALSE
	EndGlobalSection
	GlobalSection(ExtensibilityGlobals) = postSolution
		SolutionGuid = {176ABBFE-B021-4CB1-8C1A-E450CC734F4F}
	EndGlobalSection
EndGlobal
